// !$*UTF8*$!
{
	archiveVersion = 1;
	classes = {
	};
	objectVersion = 46;
	objects = {

/* Begin PBXBuildFile section */
		7B5DC45471F2D05D40BD3961 /* Pods_Tang.framework in Frameworks */ = {isa = PBXBuildFile; fileRef = 6DC3B51B90BB4CAC49FDF840 /* Pods_Tang.framework */; };
		C74F7C481F42C4CA00DEABAF /* AppDelegate.swift in Sources */ = {isa = PBXBuildFile; fileRef = C74F7C471F42C4CA00DEABAF /* AppDelegate.swift */; };
		C74F7C4D1F42C4CA00DEABAF /* Main.storyboard in Resources */ = {isa = PBXBuildFile; fileRef = C74F7C4B1F42C4CA00DEABAF /* Main.storyboard */; };
		C74F7C4F1F42C4CA00DEABAF /* Assets.xcassets in Resources */ = {isa = PBXBuildFile; fileRef = C74F7C4E1F42C4CA00DEABAF /* Assets.xcassets */; };
		C74F7C521F42C4CA00DEABAF /* LaunchScreen.storyboard in Resources */ = {isa = PBXBuildFile; fileRef = C74F7C501F42C4CA00DEABAF /* LaunchScreen.storyboard */; };
		C74F7C5D1F42C4CA00DEABAF /* TangTests.swift in Sources */ = {isa = PBXBuildFile; fileRef = C74F7C5C1F42C4CA00DEABAF /* TangTests.swift */; };
		C74F7C681F42C4CA00DEABAF /* TangUITests.swift in Sources */ = {isa = PBXBuildFile; fileRef = C74F7C671F42C4CA00DEABAF /* TangUITests.swift */; };
		C74F7C821F42C78B00DEABAF /* KKBaseViewController.swift in Sources */ = {isa = PBXBuildFile; fileRef = C74F7C801F42C78B00DEABAF /* KKBaseViewController.swift */; };
		C74F7C861F42CAB900DEABAF /* KKConst.swift in Sources */ = {isa = PBXBuildFile; fileRef = C74F7C851F42CAB900DEABAF /* KKConst.swift */; };
		C74F7C881F42E4FE00DEABAF /* KKTabBarController.swift in Sources */ = {isa = PBXBuildFile; fileRef = C74F7C871F42E4FE00DEABAF /* KKTabBarController.swift */; };
		C74F7C8A1F42E66F00DEABAF /* KKNavigationController.swift in Sources */ = {isa = PBXBuildFile; fileRef = C74F7C891F42E66F00DEABAF /* KKNavigationController.swift */; };
		C74F7C901F42EDE700DEABAF /* KKCategoryViewController.swift in Sources */ = {isa = PBXBuildFile; fileRef = C74F7C8F1F42EDE700DEABAF /* KKCategoryViewController.swift */; };
		C74F7C921F42EE0900DEABAF /* KKMeViewController.swift in Sources */ = {isa = PBXBuildFile; fileRef = C74F7C911F42EE0900DEABAF /* KKMeViewController.swift */; };
		C74F7C941F42F8C600DEABAF /* KKNetworkTool.swift in Sources */ = {isa = PBXBuildFile; fileRef = C74F7C931F42F8C600DEABAF /* KKNetworkTool.swift */; };
		C74F7C991F42F9B200DEABAF /* DanTangViewController.swift in Sources */ = {isa = PBXBuildFile; fileRef = C74F7C981F42F9B200DEABAF /* DanTangViewController.swift */; };
		C74F7C9B1F42F9CA00DEABAF /* KKHomeItem.swift in Sources */ = {isa = PBXBuildFile; fileRef = C74F7C9A1F42F9CA00DEABAF /* KKHomeItem.swift */; };
		C74F7C9D1F44281100DEABAF /* YMTabBarController.swift in Sources */ = {isa = PBXBuildFile; fileRef = C74F7C9C1F44281100DEABAF /* YMTabBarController.swift */; };
		C74F7C9F1F442EFC00DEABAF /* KKChannel.swift in Sources */ = {isa = PBXBuildFile; fileRef = C74F7C9E1F442EFC00DEABAF /* KKChannel.swift */; };
		C74F7CA11F44336E00DEABAF /* KKTopicViewController.swift in Sources */ = {isa = PBXBuildFile; fileRef = C74F7CA01F44336E00DEABAF /* KKTopicViewController.swift */; };
		C74F7CA41F44345B00DEABAF /* KKHomeCell.swift in Sources */ = {isa = PBXBuildFile; fileRef = C74F7CA21F44345B00DEABAF /* KKHomeCell.swift */; };
		C74F7CA51F44345B00DEABAF /* KKHomeCell.xib in Resources */ = {isa = PBXBuildFile; fileRef = C74F7CA31F44345B00DEABAF /* KKHomeCell.xib */; };
		C74F7CA81F4441ED00DEABAF /* UIView+Extension.swift in Sources */ = {isa = PBXBuildFile; fileRef = C74F7CA71F4441ED00DEABAF /* UIView+Extension.swift */; };
		C7560C031F458F5F00F31DDB /* KKDetailViewController.swift in Sources */ = {isa = PBXBuildFile; fileRef = C7560C021F458F5F00F31DDB /* KKDetailViewController.swift */; };
		C7560C081F4598D700F31DDB /* KKProductViewController.swift in Sources */ = {isa = PBXBuildFile; fileRef = C7560C071F4598D700F31DDB /* KKProductViewController.swift */; };
		C7560C0B1F459BED00F31DDB /* KKProductCollectionCell.swift in Sources */ = {isa = PBXBuildFile; fileRef = C7560C091F459BED00F31DDB /* KKProductCollectionCell.swift */; };
		C7560C0C1F459BED00F31DDB /* KKProductCollectionCell.xib in Resources */ = {isa = PBXBuildFile; fileRef = C7560C0A1F459BED00F31DDB /* KKProductCollectionCell.xib */; };
		C7560C0E1F45A17900F31DDB /* KKProductModel.swift in Sources */ = {isa = PBXBuildFile; fileRef = C7560C0D1F45A17900F31DDB /* KKProductModel.swift */; };
		C7730D8F1F4A7A36008BC19F /* KKProductDetail.swift in Sources */ = {isa = PBXBuildFile; fileRef = C7730D8E1F4A7A36008BC19F /* KKProductDetail.swift */; };
		C7F2169A1F46CAEE000E4CC1 /* KKProductDetainController.swift in Sources */ = {isa = PBXBuildFile; fileRef = C7F216991F46CAEE000E4CC1 /* KKProductDetainController.swift */; };
		C7F2169C1F46CC0A000E4CC1 /* KKProductDetailScrollView.swift in Sources */ = {isa = PBXBuildFile; fileRef = C7F2169B1F46CC0A000E4CC1 /* KKProductDetailScrollView.swift */; };
		C7F2169E1F46CC80000E4CC1 /* KKProductDetailTopView.swift in Sources */ = {isa = PBXBuildFile; fileRef = C7F2169D1F46CC80000E4CC1 /* KKProductDetailTopView.swift */; };
		C7F216A11F46D0C5000E4CC1 /* KKDetailCollectionViewCell.swift in Sources */ = {isa = PBXBuildFile; fileRef = C7F2169F1F46D0C4000E4CC1 /* KKDetailCollectionViewCell.swift */; };
		C7F216A21F46D0C5000E4CC1 /* KKDetailCollectionViewCell.xib in Resources */ = {isa = PBXBuildFile; fileRef = C7F216A01F46D0C4000E4CC1 /* KKDetailCollectionViewCell.xib */; };
		C7F216A41F46DB3A000E4CC1 /* KKProductDetailBottomView.swift in Sources */ = {isa = PBXBuildFile; fileRef = C7F216A31F46DB3A000E4CC1 /* KKProductDetailBottomView.swift */; };
		C7F216A61F46DC49000E4CC1 /* KKDetailChoiceButton.swift in Sources */ = {isa = PBXBuildFile; fileRef = C7F216A51F46DC49000E4CC1 /* KKDetailChoiceButton.swift */; };
		C7F216A81F46DC70000E4CC1 /* KKDetailChoiceButton.xib in Resources */ = {isa = PBXBuildFile; fileRef = C7F216A71F46DC70000E4CC1 /* KKDetailChoiceButton.xib */; };
		C7F216AA1F46E541000E4CC1 /* KKProductDetailToolBar.swift in Sources */ = {isa = PBXBuildFile; fileRef = C7F216A91F46E541000E4CC1 /* KKProductDetailToolBar.swift */; };
		C7F216AC1F46E54D000E4CC1 /* KKProductDetailToolBar.xib in Resources */ = {isa = PBXBuildFile; fileRef = C7F216AB1F46E54D000E4CC1 /* KKProductDetailToolBar.xib */; };
		C7F216AF1F46F456000E4CC1 /* KKCommentCell.swift in Sources */ = {isa = PBXBuildFile; fileRef = C7F216AD1F46F456000E4CC1 /* KKCommentCell.swift */; };
		C7F216B01F46F456000E4CC1 /* KKCommentCell.xib in Resources */ = {isa = PBXBuildFile; fileRef = C7F216AE1F46F456000E4CC1 /* KKCommentCell.xib */; };
/* End PBXBuildFile section */

/* Begin PBXContainerItemProxy section */
		C74F7C591F42C4CA00DEABAF /* PBXContainerItemProxy */ = {
			isa = PBXContainerItemProxy;
			containerPortal = C74F7C3C1F42C4CA00DEABAF /* Project object */;
			proxyType = 1;
			remoteGlobalIDString = C74F7C431F42C4CA00DEABAF;
			remoteInfo = Tang;
		};
		C74F7C641F42C4CA00DEABAF /* PBXContainerItemProxy */ = {
			isa = PBXContainerItemProxy;
			containerPortal = C74F7C3C1F42C4CA00DEABAF /* Project object */;
			proxyType = 1;
			remoteGlobalIDString = C74F7C431F42C4CA00DEABAF;
			remoteInfo = Tang;
		};
/* End PBXContainerItemProxy section */

/* Begin PBXFileReference section */
		37E6AE31D15F782FB6108775 /* Pods-Tang.debug.xcconfig */ = {isa = PBXFileReference; includeInIndex = 1; lastKnownFileType = text.xcconfig; name = "Pods-Tang.debug.xcconfig"; path = "Pods/Target Support Files/Pods-Tang/Pods-Tang.debug.xcconfig"; sourceTree = "<group>"; };
		6DC3B51B90BB4CAC49FDF840 /* Pods_Tang.framework */ = {isa = PBXFileReference; explicitFileType = wrapper.framework; includeInIndex = 0; path = Pods_Tang.framework; sourceTree = BUILT_PRODUCTS_DIR; };
		C74F7C441F42C4CA00DEABAF /* Tang.app */ = {isa = PBXFileReference; explicitFileType = wrapper.application; includeInIndex = 0; path = Tang.app; sourceTree = BUILT_PRODUCTS_DIR; };
		C74F7C471F42C4CA00DEABAF /* AppDelegate.swift */ = {isa = PBXFileReference; lastKnownFileType = sourcecode.swift; path = AppDelegate.swift; sourceTree = "<group>"; };
		C74F7C4C1F42C4CA00DEABAF /* Base */ = {isa = PBXFileReference; lastKnownFileType = file.storyboard; name = Base; path = Base.lproj/Main.storyboard; sourceTree = "<group>"; };
		C74F7C4E1F42C4CA00DEABAF /* Assets.xcassets */ = {isa = PBXFileReference; lastKnownFileType = folder.assetcatalog; path = Assets.xcassets; sourceTree = "<group>"; };
		C74F7C511F42C4CA00DEABAF /* Base */ = {isa = PBXFileReference; lastKnownFileType = file.storyboard; name = Base; path = Base.lproj/LaunchScreen.storyboard; sourceTree = "<group>"; };
		C74F7C531F42C4CA00DEABAF /* Info.plist */ = {isa = PBXFileReference; lastKnownFileType = text.plist.xml; path = Info.plist; sourceTree = "<group>"; };
		C74F7C581F42C4CA00DEABAF /* TangTests.xctest */ = {isa = PBXFileReference; explicitFileType = wrapper.cfbundle; includeInIndex = 0; path = TangTests.xctest; sourceTree = BUILT_PRODUCTS_DIR; };
		C74F7C5C1F42C4CA00DEABAF /* TangTests.swift */ = {isa = PBXFileReference; lastKnownFileType = sourcecode.swift; path = TangTests.swift; sourceTree = "<group>"; };
		C74F7C5E1F42C4CA00DEABAF /* Info.plist */ = {isa = PBXFileReference; lastKnownFileType = text.plist.xml; path = Info.plist; sourceTree = "<group>"; };
		C74F7C631F42C4CA00DEABAF /* TangUITests.xctest */ = {isa = PBXFileReference; explicitFileType = wrapper.cfbundle; includeInIndex = 0; path = TangUITests.xctest; sourceTree = BUILT_PRODUCTS_DIR; };
		C74F7C671F42C4CA00DEABAF /* TangUITests.swift */ = {isa = PBXFileReference; lastKnownFileType = sourcecode.swift; path = TangUITests.swift; sourceTree = "<group>"; };
		C74F7C691F42C4CA00DEABAF /* Info.plist */ = {isa = PBXFileReference; lastKnownFileType = text.plist.xml; path = Info.plist; sourceTree = "<group>"; };
		C74F7C801F42C78B00DEABAF /* KKBaseViewController.swift */ = {isa = PBXFileReference; fileEncoding = 4; lastKnownFileType = sourcecode.swift; path = KKBaseViewController.swift; sourceTree = "<group>"; };
		C74F7C851F42CAB900DEABAF /* KKConst.swift */ = {isa = PBXFileReference; fileEncoding = 4; lastKnownFileType = sourcecode.swift; path = KKConst.swift; sourceTree = "<group>"; };
		C74F7C871F42E4FE00DEABAF /* KKTabBarController.swift */ = {isa = PBXFileReference; fileEncoding = 4; lastKnownFileType = sourcecode.swift; path = KKTabBarController.swift; sourceTree = "<group>"; };
		C74F7C891F42E66F00DEABAF /* KKNavigationController.swift */ = {isa = PBXFileReference; fileEncoding = 4; lastKnownFileType = sourcecode.swift; path = KKNavigationController.swift; sourceTree = "<group>"; };
		C74F7C8F1F42EDE700DEABAF /* KKCategoryViewController.swift */ = {isa = PBXFileReference; fileEncoding = 4; lastKnownFileType = sourcecode.swift; path = KKCategoryViewController.swift; sourceTree = "<group>"; };
		C74F7C911F42EE0900DEABAF /* KKMeViewController.swift */ = {isa = PBXFileReference; fileEncoding = 4; lastKnownFileType = sourcecode.swift; path = KKMeViewController.swift; sourceTree = "<group>"; };
		C74F7C931F42F8C600DEABAF /* KKNetworkTool.swift */ = {isa = PBXFileReference; fileEncoding = 4; lastKnownFileType = sourcecode.swift; path = KKNetworkTool.swift; sourceTree = "<group>"; };
		C74F7C981F42F9B200DEABAF /* DanTangViewController.swift */ = {isa = PBXFileReference; fileEncoding = 4; lastKnownFileType = sourcecode.swift; path = DanTangViewController.swift; sourceTree = "<group>"; };
		C74F7C9A1F42F9CA00DEABAF /* KKHomeItem.swift */ = {isa = PBXFileReference; fileEncoding = 4; lastKnownFileType = sourcecode.swift; path = KKHomeItem.swift; sourceTree = "<group>"; };
		C74F7C9C1F44281100DEABAF /* YMTabBarController.swift */ = {isa = PBXFileReference; fileEncoding = 4; lastKnownFileType = sourcecode.swift; path = YMTabBarController.swift; sourceTree = "<group>"; };
		C74F7C9E1F442EFC00DEABAF /* KKChannel.swift */ = {isa = PBXFileReference; fileEncoding = 4; lastKnownFileType = sourcecode.swift; path = KKChannel.swift; sourceTree = "<group>"; };
		C74F7CA01F44336E00DEABAF /* KKTopicViewController.swift */ = {isa = PBXFileReference; fileEncoding = 4; lastKnownFileType = sourcecode.swift; path = KKTopicViewController.swift; sourceTree = "<group>"; };
		C74F7CA21F44345B00DEABAF /* KKHomeCell.swift */ = {isa = PBXFileReference; fileEncoding = 4; lastKnownFileType = sourcecode.swift; path = KKHomeCell.swift; sourceTree = "<group>"; };
		C74F7CA31F44345B00DEABAF /* KKHomeCell.xib */ = {isa = PBXFileReference; fileEncoding = 4; lastKnownFileType = file.xib; path = KKHomeCell.xib; sourceTree = "<group>"; };
		C74F7CA71F4441ED00DEABAF /* UIView+Extension.swift */ = {isa = PBXFileReference; fileEncoding = 4; lastKnownFileType = sourcecode.swift; path = "UIView+Extension.swift"; sourceTree = "<group>"; };
		C7560C021F458F5F00F31DDB /* KKDetailViewController.swift */ = {isa = PBXFileReference; fileEncoding = 4; lastKnownFileType = sourcecode.swift; path = KKDetailViewController.swift; sourceTree = "<group>"; };
		C7560C071F4598D700F31DDB /* KKProductViewController.swift */ = {isa = PBXFileReference; fileEncoding = 4; lastKnownFileType = sourcecode.swift; path = KKProductViewController.swift; sourceTree = "<group>"; };
		C7560C091F459BED00F31DDB /* KKProductCollectionCell.swift */ = {isa = PBXFileReference; fileEncoding = 4; lastKnownFileType = sourcecode.swift; path = KKProductCollectionCell.swift; sourceTree = "<group>"; };
		C7560C0A1F459BED00F31DDB /* KKProductCollectionCell.xib */ = {isa = PBXFileReference; fileEncoding = 4; lastKnownFileType = file.xib; path = KKProductCollectionCell.xib; sourceTree = "<group>"; };
		C7560C0D1F45A17900F31DDB /* KKProductModel.swift */ = {isa = PBXFileReference; fileEncoding = 4; lastKnownFileType = sourcecode.swift; path = KKProductModel.swift; sourceTree = "<group>"; };
		C7730D8E1F4A7A36008BC19F /* KKProductDetail.swift */ = {isa = PBXFileReference; fileEncoding = 4; lastKnownFileType = sourcecode.swift; path = KKProductDetail.swift; sourceTree = "<group>"; };
		C7F216991F46CAEE000E4CC1 /* KKProductDetainController.swift */ = {isa = PBXFileReference; fileEncoding = 4; lastKnownFileType = sourcecode.swift; path = KKProductDetainController.swift; sourceTree = "<group>"; };
		C7F2169B1F46CC0A000E4CC1 /* KKProductDetailScrollView.swift */ = {isa = PBXFileReference; fileEncoding = 4; lastKnownFileType = sourcecode.swift; path = KKProductDetailScrollView.swift; sourceTree = "<group>"; };
		C7F2169D1F46CC80000E4CC1 /* KKProductDetailTopView.swift */ = {isa = PBXFileReference; fileEncoding = 4; lastKnownFileType = sourcecode.swift; path = KKProductDetailTopView.swift; sourceTree = "<group>"; };
		C7F2169F1F46D0C4000E4CC1 /* KKDetailCollectionViewCell.swift */ = {isa = PBXFileReference; fileEncoding = 4; lastKnownFileType = sourcecode.swift; path = KKDetailCollectionViewCell.swift; sourceTree = "<group>"; };
		C7F216A01F46D0C4000E4CC1 /* KKDetailCollectionViewCell.xib */ = {isa = PBXFileReference; fileEncoding = 4; lastKnownFileType = file.xib; path = KKDetailCollectionViewCell.xib; sourceTree = "<group>"; };
		C7F216A31F46DB3A000E4CC1 /* KKProductDetailBottomView.swift */ = {isa = PBXFileReference; fileEncoding = 4; lastKnownFileType = sourcecode.swift; path = KKProductDetailBottomView.swift; sourceTree = "<group>"; };
		C7F216A51F46DC49000E4CC1 /* KKDetailChoiceButton.swift */ = {isa = PBXFileReference; fileEncoding = 4; lastKnownFileType = sourcecode.swift; path = KKDetailChoiceButton.swift; sourceTree = "<group>"; };
		C7F216A71F46DC70000E4CC1 /* KKDetailChoiceButton.xib */ = {isa = PBXFileReference; fileEncoding = 4; lastKnownFileType = file.xib; path = KKDetailChoiceButton.xib; sourceTree = "<group>"; };
		C7F216A91F46E541000E4CC1 /* KKProductDetailToolBar.swift */ = {isa = PBXFileReference; fileEncoding = 4; lastKnownFileType = sourcecode.swift; path = KKProductDetailToolBar.swift; sourceTree = "<group>"; };
		C7F216AB1F46E54D000E4CC1 /* KKProductDetailToolBar.xib */ = {isa = PBXFileReference; fileEncoding = 4; lastKnownFileType = file.xib; path = KKProductDetailToolBar.xib; sourceTree = "<group>"; };
		C7F216AD1F46F456000E4CC1 /* KKCommentCell.swift */ = {isa = PBXFileReference; fileEncoding = 4; lastKnownFileType = sourcecode.swift; path = KKCommentCell.swift; sourceTree = "<group>"; };
		C7F216AE1F46F456000E4CC1 /* KKCommentCell.xib */ = {isa = PBXFileReference; fileEncoding = 4; lastKnownFileType = file.xib; path = KKCommentCell.xib; sourceTree = "<group>"; };
		DAC1A6BDDF635B955F1FF470 /* Pods-Tang.release.xcconfig */ = {isa = PBXFileReference; includeInIndex = 1; lastKnownFileType = text.xcconfig; name = "Pods-Tang.release.xcconfig"; path = "Pods/Target Support Files/Pods-Tang/Pods-Tang.release.xcconfig"; sourceTree = "<group>"; };
/* End PBXFileReference section */

/* Begin PBXFrameworksBuildPhase section */
		C74F7C411F42C4CA00DEABAF /* Frameworks */ = {
			isa = PBXFrameworksBuildPhase;
			buildActionMask = 2147483647;
			files = (
				7B5DC45471F2D05D40BD3961 /* Pods_Tang.framework in Frameworks */,
			);
			runOnlyForDeploymentPostprocessing = 0;
		};
		C74F7C551F42C4CA00DEABAF /* Frameworks */ = {
			isa = PBXFrameworksBuildPhase;
			buildActionMask = 2147483647;
			files = (
			);
			runOnlyForDeploymentPostprocessing = 0;
		};
		C74F7C601F42C4CA00DEABAF /* Frameworks */ = {
			isa = PBXFrameworksBuildPhase;
			buildActionMask = 2147483647;
			files = (
			);
			runOnlyForDeploymentPostprocessing = 0;
		};
/* End PBXFrameworksBuildPhase section */

/* Begin PBXGroup section */
		00E41EAD560239171964A7AA /* Pods */ = {
			isa = PBXGroup;
			children = (
				37E6AE31D15F782FB6108775 /* Pods-Tang.debug.xcconfig */,
				DAC1A6BDDF635B955F1FF470 /* Pods-Tang.release.xcconfig */,
			);
			name = Pods;
			sourceTree = "<group>";
		};
		A98E9B089E51E2C4CD4E49B5 /* Frameworks */ = {
			isa = PBXGroup;
			children = (
				6DC3B51B90BB4CAC49FDF840 /* Pods_Tang.framework */,
			);
			name = Frameworks;
			sourceTree = "<group>";
		};
		C74F7C3B1F42C4CA00DEABAF = {
			isa = PBXGroup;
			children = (
				C74F7C461F42C4CA00DEABAF /* Tang */,
				C74F7C5B1F42C4CA00DEABAF /* TangTests */,
				C74F7C661F42C4CA00DEABAF /* TangUITests */,
				C74F7C451F42C4CA00DEABAF /* Products */,
				00E41EAD560239171964A7AA /* Pods */,
				A98E9B089E51E2C4CD4E49B5 /* Frameworks */,
			);
			sourceTree = "<group>";
		};
		C74F7C451F42C4CA00DEABAF /* Products */ = {
			isa = PBXGroup;
			children = (
				C74F7C441F42C4CA00DEABAF /* Tang.app */,
				C74F7C581F42C4CA00DEABAF /* TangTests.xctest */,
				C74F7C631F42C4CA00DEABAF /* TangUITests.xctest */,
			);
			name = Products;
			sourceTree = "<group>";
		};
		C74F7C461F42C4CA00DEABAF /* Tang */ = {
			isa = PBXGroup;
			children = (
				C74F7C471F42C4CA00DEABAF /* AppDelegate.swift */,
				C74F7C751F42C56200DEABAF /* Classes */,
				C74F7C4B1F42C4CA00DEABAF /* Main.storyboard */,
				C74F7C4E1F42C4CA00DEABAF /* Assets.xcassets */,
				C74F7C501F42C4CA00DEABAF /* LaunchScreen.storyboard */,
				C74F7C531F42C4CA00DEABAF /* Info.plist */,
			);
			path = Tang;
			sourceTree = "<group>";
		};
		C74F7C5B1F42C4CA00DEABAF /* TangTests */ = {
			isa = PBXGroup;
			children = (
				C74F7C5C1F42C4CA00DEABAF /* TangTests.swift */,
				C74F7C5E1F42C4CA00DEABAF /* Info.plist */,
			);
			path = TangTests;
			sourceTree = "<group>";
		};
		C74F7C661F42C4CA00DEABAF /* TangUITests */ = {
			isa = PBXGroup;
			children = (
				C74F7C671F42C4CA00DEABAF /* TangUITests.swift */,
				C74F7C691F42C4CA00DEABAF /* Info.plist */,
			);
			path = TangUITests;
			sourceTree = "<group>";
		};
		C74F7C751F42C56200DEABAF /* Classes */ = {
			isa = PBXGroup;
			children = (
				C74F7C7B1F42C67400DEABAF /* Classify */,
				C74F7C7C1F42C67400DEABAF /* Product */,
				C74F7C761F42C56200DEABAF /* DanTang */,
				C74F7C771F42C56200DEABAF /* Login */,
				C74F7C781F42C56200DEABAF /* Main */,
				C74F7C791F42C56200DEABAF /* Me */,
				C74F7C7A1F42C56200DEABAF /* Others */,
			);
			path = Classes;
			sourceTree = "<group>";
		};
		C74F7C761F42C56200DEABAF /* DanTang */ = {
			isa = PBXGroup;
			children = (
				C74F7C971F42F9B200DEABAF /* ViewController */,
				C74F7C951F42F9B200DEABAF /* Model */,
				C74F7C961F42F9B200DEABAF /* View */,
			);
			path = DanTang;
			sourceTree = "<group>";
		};
		C74F7C771F42C56200DEABAF /* Login */ = {
			isa = PBXGroup;
			children = (
			);
			path = Login;
			sourceTree = "<group>";
		};
		C74F7C781F42C56200DEABAF /* Main */ = {
			isa = PBXGroup;
			children = (
				C74F7CA61F4441C800DEABAF /* Category */,
				C74F7C7F1F42C78B00DEABAF /* Controller */,
				C74F7C811F42C78B00DEABAF /* Tools */,
			);
			path = Main;
			sourceTree = "<group>";
		};
		C74F7C791F42C56200DEABAF /* Me */ = {
			isa = PBXGroup;
			children = (
				C74F7C911F42EE0900DEABAF /* KKMeViewController.swift */,
			);
			path = Me;
			sourceTree = "<group>";
		};
		C74F7C7A1F42C56200DEABAF /* Others */ = {
			isa = PBXGroup;
			children = (
			);
			path = Others;
			sourceTree = "<group>";
		};
		C74F7C7B1F42C67400DEABAF /* Classify */ = {
			isa = PBXGroup;
			children = (
				C74F7C8F1F42EDE700DEABAF /* KKCategoryViewController.swift */,
			);
			path = Classify;
			sourceTree = "<group>";
		};
		C74F7C7C1F42C67400DEABAF /* Product */ = {
			isa = PBXGroup;
			children = (
				C7560C061F4598B200F31DDB /* ViewController */,
				C7560C041F4598B200F31DDB /* Model */,
				C7560C051F4598B200F31DDB /* View */,
			);
			path = Product;
			sourceTree = "<group>";
		};
		C74F7C7F1F42C78B00DEABAF /* Controller */ = {
			isa = PBXGroup;
			children = (
				C74F7C9C1F44281100DEABAF /* YMTabBarController.swift */,
				C74F7C801F42C78B00DEABAF /* KKBaseViewController.swift */,
				C74F7C871F42E4FE00DEABAF /* KKTabBarController.swift */,
				C74F7C891F42E66F00DEABAF /* KKNavigationController.swift */,
			);
			path = Controller;
			sourceTree = "<group>";
		};
		C74F7C811F42C78B00DEABAF /* Tools */ = {
			isa = PBXGroup;
			children = (
				C74F7C851F42CAB900DEABAF /* KKConst.swift */,
				C74F7C931F42F8C600DEABAF /* KKNetworkTool.swift */,
			);
			path = Tools;
			sourceTree = "<group>";
		};
		C74F7C951F42F9B200DEABAF /* Model */ = {
			isa = PBXGroup;
			children = (
				C74F7C9A1F42F9CA00DEABAF /* KKHomeItem.swift */,
				C74F7C9E1F442EFC00DEABAF /* KKChannel.swift */,
			);
			path = Model;
			sourceTree = "<group>";
		};
		C74F7C961F42F9B200DEABAF /* View */ = {
			isa = PBXGroup;
			children = (
				C74F7CA21F44345B00DEABAF /* KKHomeCell.swift */,
				C74F7CA31F44345B00DEABAF /* KKHomeCell.xib */,
			);
			path = View;
			sourceTree = "<group>";
		};
		C74F7C971F42F9B200DEABAF /* ViewController */ = {
			isa = PBXGroup;
			children = (
				C74F7C981F42F9B200DEABAF /* DanTangViewController.swift */,
				C74F7CA01F44336E00DEABAF /* KKTopicViewController.swift */,
				C7560C021F458F5F00F31DDB /* KKDetailViewController.swift */,
			);
			path = ViewController;
			sourceTree = "<group>";
		};
		C74F7CA61F4441C800DEABAF /* Category */ = {
			isa = PBXGroup;
			children = (
				C74F7CA71F4441ED00DEABAF /* UIView+Extension.swift */,
			);
			path = Category;
			sourceTree = "<group>";
		};
		C7560C041F4598B200F31DDB /* Model */ = {
			isa = PBXGroup;
			children = (
				C7560C0D1F45A17900F31DDB /* KKProductModel.swift */,
				C7730D8E1F4A7A36008BC19F /* KKProductDetail.swift */,
			);
			path = Model;
			sourceTree = "<group>";
		};
		C7560C051F4598B200F31DDB /* View */ = {
			isa = PBXGroup;
			children = (
				C7560C091F459BED00F31DDB /* KKProductCollectionCell.swift */,
				C7560C0A1F459BED00F31DDB /* KKProductCollectionCell.xib */,
				C7F2169B1F46CC0A000E4CC1 /* KKProductDetailScrollView.swift */,
				C7F2169D1F46CC80000E4CC1 /* KKProductDetailTopView.swift */,
				C7F216A31F46DB3A000E4CC1 /* KKProductDetailBottomView.swift */,
				C7F216AD1F46F456000E4CC1 /* KKCommentCell.swift */,
				C7F216AE1F46F456000E4CC1 /* KKCommentCell.xib */,
				C7F216A91F46E541000E4CC1 /* KKProductDetailToolBar.swift */,
				C7F216AB1F46E54D000E4CC1 /* KKProductDetailToolBar.xib */,
				C7F216A51F46DC49000E4CC1 /* KKDetailChoiceButton.swift */,
				C7F216A71F46DC70000E4CC1 /* KKDetailChoiceButton.xib */,
				C7F2169F1F46D0C4000E4CC1 /* KKDetailCollectionViewCell.swift */,
				C7F216A01F46D0C4000E4CC1 /* KKDetailCollectionViewCell.xib */,
			);
			path = View;
			sourceTree = "<group>";
		};
		C7560C061F4598B200F31DDB /* ViewController */ = {
			isa = PBXGroup;
			children = (
				C7560C071F4598D700F31DDB /* KKProductViewController.swift */,
				C7F216991F46CAEE000E4CC1 /* KKProductDetainController.swift */,
			);
			path = ViewController;
			sourceTree = "<group>";
		};
/* End PBXGroup section */

/* Begin PBXNativeTarget section */
		C74F7C431F42C4CA00DEABAF /* Tang */ = {
			isa = PBXNativeTarget;
			buildConfigurationList = C74F7C6C1F42C4CA00DEABAF /* Build configuration list for PBXNativeTarget "Tang" */;
			buildPhases = (
				4F90B1182D0953A42E5FDBB2 /* [CP] Check Pods Manifest.lock */,
				C74F7C401F42C4CA00DEABAF /* Sources */,
				C74F7C411F42C4CA00DEABAF /* Frameworks */,
				C74F7C421F42C4CA00DEABAF /* Resources */,
				D74651964AC162A328F827EA /* [CP] Embed Pods Frameworks */,
				8D2FDE0A9C71CE69DF5AE4BD /* [CP] Copy Pods Resources */,
			);
			buildRules = (
			);
			dependencies = (
			);
			name = Tang;
			productName = Tang;
			productReference = C74F7C441F42C4CA00DEABAF /* Tang.app */;
			productType = "com.apple.product-type.application";
		};
		C74F7C571F42C4CA00DEABAF /* TangTests */ = {
			isa = PBXNativeTarget;
			buildConfigurationList = C74F7C6F1F42C4CA00DEABAF /* Build configuration list for PBXNativeTarget "TangTests" */;
			buildPhases = (
				C74F7C541F42C4CA00DEABAF /* Sources */,
				C74F7C551F42C4CA00DEABAF /* Frameworks */,
				C74F7C561F42C4CA00DEABAF /* Resources */,
			);
			buildRules = (
			);
			dependencies = (
				C74F7C5A1F42C4CA00DEABAF /* PBXTargetDependency */,
			);
			name = TangTests;
			productName = TangTests;
			productReference = C74F7C581F42C4CA00DEABAF /* TangTests.xctest */;
			productType = "com.apple.product-type.bundle.unit-test";
		};
		C74F7C621F42C4CA00DEABAF /* TangUITests */ = {
			isa = PBXNativeTarget;
			buildConfigurationList = C74F7C721F42C4CA00DEABAF /* Build configuration list for PBXNativeTarget "TangUITests" */;
			buildPhases = (
				C74F7C5F1F42C4CA00DEABAF /* Sources */,
				C74F7C601F42C4CA00DEABAF /* Frameworks */,
				C74F7C611F42C4CA00DEABAF /* Resources */,
			);
			buildRules = (
			);
			dependencies = (
				C74F7C651F42C4CA00DEABAF /* PBXTargetDependency */,
			);
			name = TangUITests;
			productName = TangUITests;
			productReference = C74F7C631F42C4CA00DEABAF /* TangUITests.xctest */;
			productType = "com.apple.product-type.bundle.ui-testing";
		};
/* End PBXNativeTarget section */

/* Begin PBXProject section */
		C74F7C3C1F42C4CA00DEABAF /* Project object */ = {
			isa = PBXProject;
			attributes = {
				LastSwiftUpdateCheck = 0830;
				LastUpgradeCheck = 0830;
				ORGANIZATIONNAME = M_Li;
				TargetAttributes = {
					C74F7C431F42C4CA00DEABAF = {
						CreatedOnToolsVersion = 8.3.3;
						DevelopmentTeam = YEFYT2Y9CS;
						ProvisioningStyle = Automatic;
					};
					C74F7C571F42C4CA00DEABAF = {
						CreatedOnToolsVersion = 8.3.3;
						DevelopmentTeam = YEFYT2Y9CS;
						ProvisioningStyle = Automatic;
						TestTargetID = C74F7C431F42C4CA00DEABAF;
					};
					C74F7C621F42C4CA00DEABAF = {
						CreatedOnToolsVersion = 8.3.3;
						DevelopmentTeam = YEFYT2Y9CS;
						ProvisioningStyle = Automatic;
						TestTargetID = C74F7C431F42C4CA00DEABAF;
					};
				};
			};
			buildConfigurationList = C74F7C3F1F42C4CA00DEABAF /* Build configuration list for PBXProject "Tang" */;
			compatibilityVersion = "Xcode 3.2";
			developmentRegion = English;
			hasScannedForEncodings = 0;
			knownRegions = (
				en,
				Base,
			);
			mainGroup = C74F7C3B1F42C4CA00DEABAF;
			productRefGroup = C74F7C451F42C4CA00DEABAF /* Products */;
			projectDirPath = "";
			projectRoot = "";
			targets = (
				C74F7C431F42C4CA00DEABAF /* Tang */,
				C74F7C571F42C4CA00DEABAF /* TangTests */,
				C74F7C621F42C4CA00DEABAF /* TangUITests */,
			);
		};
/* End PBXProject section */

/* Begin PBXResourcesBuildPhase section */
		C74F7C421F42C4CA00DEABAF /* Resources */ = {
			isa = PBXResourcesBuildPhase;
			buildActionMask = 2147483647;
			files = (
				C7F216B01F46F456000E4CC1 /* KKCommentCell.xib in Resources */,
				C7F216AC1F46E54D000E4CC1 /* KKProductDetailToolBar.xib in Resources */,
				C74F7C521F42C4CA00DEABAF /* LaunchScreen.storyboard in Resources */,
				C7F216A21F46D0C5000E4CC1 /* KKDetailCollectionViewCell.xib in Resources */,
				C7560C0C1F459BED00F31DDB /* KKProductCollectionCell.xib in Resources */,
				C74F7C4F1F42C4CA00DEABAF /* Assets.xcassets in Resources */,
				C74F7CA51F44345B00DEABAF /* KKHomeCell.xib in Resources */,
				C7F216A81F46DC70000E4CC1 /* KKDetailChoiceButton.xib in Resources */,
				C74F7C4D1F42C4CA00DEABAF /* Main.storyboard in Resources */,
			);
			runOnlyForDeploymentPostprocessing = 0;
		};
		C74F7C561F42C4CA00DEABAF /* Resources */ = {
			isa = PBXResourcesBuildPhase;
			buildActionMask = 2147483647;
			files = (
			);
			runOnlyForDeploymentPostprocessing = 0;
		};
		C74F7C611F42C4CA00DEABAF /* Resources */ = {
			isa = PBXResourcesBuildPhase;
			buildActionMask = 2147483647;
			files = (
			);
			runOnlyForDeploymentPostprocessing = 0;
		};
/* End PBXResourcesBuildPhase section */

/* Begin PBXShellScriptBuildPhase section */
		4F90B1182D0953A42E5FDBB2 /* [CP] Check Pods Manifest.lock */ = {
			isa = PBXShellScriptBuildPhase;
			buildActionMask = 2147483647;
			files = (
			);
			inputPaths = (
			);
			name = "[CP] Check Pods Manifest.lock";
			outputPaths = (
			);
			runOnlyForDeploymentPostprocessing = 0;
			shellPath = /bin/sh;
			shellScript = "diff \"${PODS_PODFILE_DIR_PATH}/Podfile.lock\" \"${PODS_ROOT}/Manifest.lock\" > /dev/null\nif [ $? != 0 ] ; then\n    # print error to STDERR\n    echo \"error: The sandbox is not in sync with the Podfile.lock. Run 'pod install' or update your CocoaPods installation.\" >&2\n    exit 1\nfi\n";
			showEnvVarsInLog = 0;
		};
		8D2FDE0A9C71CE69DF5AE4BD /* [CP] Copy Pods Resources */ = {
			isa = PBXShellScriptBuildPhase;
			buildActionMask = 2147483647;
			files = (
			);
			inputPaths = (
			);
			name = "[CP] Copy Pods Resources";
			outputPaths = (
			);
			runOnlyForDeploymentPostprocessing = 0;
			shellPath = /bin/sh;
			shellScript = "\"${SRCROOT}/Pods/Target Support Files/Pods-Tang/Pods-Tang-resources.sh\"\n";
			showEnvVarsInLog = 0;
		};
		D74651964AC162A328F827EA /* [CP] Embed Pods Frameworks */ = {
			isa = PBXShellScriptBuildPhase;
			buildActionMask = 2147483647;
			files = (
			);
			inputPaths = (
			);
			name = "[CP] Embed Pods Frameworks";
			outputPaths = (
			);
			runOnlyForDeploymentPostprocessing = 0;
			shellPath = /bin/sh;
			shellScript = "\"${SRCROOT}/Pods/Target Support Files/Pods-Tang/Pods-Tang-frameworks.sh\"\n";
			showEnvVarsInLog = 0;
		};
/* End PBXShellScriptBuildPhase section */

/* Begin PBXSourcesBuildPhase section */
		C74F7C401F42C4CA00DEABAF /* Sources */ = {
			isa = PBXSourcesBuildPhase;
			buildActionMask = 2147483647;
			files = (
				C7F2169C1F46CC0A000E4CC1 /* KKProductDetailScrollView.swift in Sources */,
				C74F7C9F1F442EFC00DEABAF /* KKChannel.swift in Sources */,
				C7F216A61F46DC49000E4CC1 /* KKDetailChoiceButton.swift in Sources */,
				C7560C031F458F5F00F31DDB /* KKDetailViewController.swift in Sources */,
				C74F7C9B1F42F9CA00DEABAF /* KKHomeItem.swift in Sources */,
				C74F7CA81F4441ED00DEABAF /* UIView+Extension.swift in Sources */,
				C7730D8F1F4A7A36008BC19F /* KKProductDetail.swift in Sources */,
				C74F7C9D1F44281100DEABAF /* YMTabBarController.swift in Sources */,
				C74F7C8A1F42E66F00DEABAF /* KKNavigationController.swift in Sources */,
				C74F7C861F42CAB900DEABAF /* KKConst.swift in Sources */,
				C7F216AF1F46F456000E4CC1 /* KKCommentCell.swift in Sources */,
				C74F7CA41F44345B00DEABAF /* KKHomeCell.swift in Sources */,
				C7560C0E1F45A17900F31DDB /* KKProductModel.swift in Sources */,
				C74F7C481F42C4CA00DEABAF /* AppDelegate.swift in Sources */,
				C7560C081F4598D700F31DDB /* KKProductViewController.swift in Sources */,
				C74F7C901F42EDE700DEABAF /* KKCategoryViewController.swift in Sources */,
				C7560C0B1F459BED00F31DDB /* KKProductCollectionCell.swift in Sources */,
				C7F216A11F46D0C5000E4CC1 /* KKDetailCollectionViewCell.swift in Sources */,
				C74F7C821F42C78B00DEABAF /* KKBaseViewController.swift in Sources */,
				C7F2169E1F46CC80000E4CC1 /* KKProductDetailTopView.swift in Sources */,
				C7F2169A1F46CAEE000E4CC1 /* KKProductDetainController.swift in Sources */,
				C74F7C991F42F9B200DEABAF /* DanTangViewController.swift in Sources */,
				C7F216AA1F46E541000E4CC1 /* KKProductDetailToolBar.swift in Sources */,
				C74F7C941F42F8C600DEABAF /* KKNetworkTool.swift in Sources */,
				C7F216A41F46DB3A000E4CC1 /* KKProductDetailBottomView.swift in Sources */,
				C74F7C921F42EE0900DEABAF /* KKMeViewController.swift in Sources */,
				C74F7CA11F44336E00DEABAF /* KKTopicViewController.swift in Sources */,
				C74F7C881F42E4FE00DEABAF /* KKTabBarController.swift in Sources */,
			);
			runOnlyForDeploymentPostprocessing = 0;
		};
		C74F7C541F42C4CA00DEABAF /* Sources */ = {
			isa = PBXSourcesBuildPhase;
			buildActionMask = 2147483647;
			files = (
				C74F7C5D1F42C4CA00DEABAF /* TangTests.swift in Sources */,
			);
			runOnlyForDeploymentPostprocessing = 0;
		};
		C74F7C5F1F42C4CA00DEABAF /* Sources */ = {
			isa = PBXSourcesBuildPhase;
			buildActionMask = 2147483647;
			files = (
				C74F7C681F42C4CA00DEABAF /* TangUITests.swift in Sources */,
			);
			runOnlyForDeploymentPostprocessing = 0;
		};
/* End PBXSourcesBuildPhase section */

/* Begin PBXTargetDependency section */
		C74F7C5A1F42C4CA00DEABAF /* PBXTargetDependency */ = {
			isa = PBXTargetDependency;
			target = C74F7C431F42C4CA00DEABAF /* Tang */;
			targetProxy = C74F7C591F42C4CA00DEABAF /* PBXContainerItemProxy */;
		};
		C74F7C651F42C4CA00DEABAF /* PBXTargetDependency */ = {
			isa = PBXTargetDependency;
			target = C74F7C431F42C4CA00DEABAF /* Tang */;
			targetProxy = C74F7C641F42C4CA00DEABAF /* PBXContainerItemProxy */;
		};
/* End PBXTargetDependency section */

/* Begin PBXVariantGroup section */
		C74F7C4B1F42C4CA00DEABAF /* Main.storyboard */ = {
			isa = PBXVariantGroup;
			children = (
				C74F7C4C1F42C4CA00DEABAF /* Base */,
			);
			name = Main.storyboard;
			sourceTree = "<group>";
		};
		C74F7C501F42C4CA00DEABAF /* LaunchScreen.storyboard */ = {
			isa = PBXVariantGroup;
			children = (
				C74F7C511F42C4CA00DEABAF /* Base */,
			);
			name = LaunchScreen.storyboard;
			sourceTree = "<group>";
		};
/* End PBXVariantGroup section */

/* Begin XCBuildConfiguration section */
		C74F7C6A1F42C4CA00DEABAF /* Debug */ = {
			isa = XCBuildConfiguration;
			buildSettings = {
				ALWAYS_SEARCH_USER_PATHS = NO;
				CLANG_ANALYZER_NONNULL = YES;
				CLANG_ANALYZER_NUMBER_OBJECT_CONVERSION = YES_AGGRESSIVE;
				CLANG_CXX_LANGUAGE_STANDARD = "gnu++0x";
				CLANG_CXX_LIBRARY = "libc++";
				CLANG_ENABLE_MODULES = YES;
				CLANG_ENABLE_OBJC_ARC = YES;
				CLANG_WARN_BOOL_CONVERSION = YES;
				CLANG_WARN_CONSTANT_CONVERSION = YES;
				CLANG_WARN_DIRECT_OBJC_ISA_USAGE = YES_ERROR;
				CLANG_WARN_DOCUMENTATION_COMMENTS = YES;
				CLANG_WARN_EMPTY_BODY = YES;
				CLANG_WARN_ENUM_CONVERSION = YES;
				CLANG_WARN_INFINITE_RECURSION = YES;
				CLANG_WARN_INT_CONVERSION = YES;
				CLANG_WARN_OBJC_ROOT_CLASS = YES_ERROR;
				CLANG_WARN_SUSPICIOUS_MOVE = YES;
				CLANG_WARN_UNREACHABLE_CODE = YES;
				CLANG_WARN__DUPLICATE_METHOD_MATCH = YES;
				"CODE_SIGN_IDENTITY[sdk=iphoneos*]" = "iPhone Developer";
				COPY_PHASE_STRIP = NO;
				DEBUG_INFORMATION_FORMAT = dwarf;
				ENABLE_STRICT_OBJC_MSGSEND = YES;
				ENABLE_TESTABILITY = YES;
				GCC_C_LANGUAGE_STANDARD = gnu99;
				GCC_DYNAMIC_NO_PIC = NO;
				GCC_NO_COMMON_BLOCKS = YES;
				GCC_OPTIMIZATION_LEVEL = 0;
				GCC_PREPROCESSOR_DEFINITIONS = (
					"DEBUG=1",
					"$(inherited)",
				);
				GCC_WARN_64_TO_32_BIT_CONVERSION = YES;
				GCC_WARN_ABOUT_RETURN_TYPE = YES_ERROR;
				GCC_WARN_UNDECLARED_SELECTOR = YES;
				GCC_WARN_UNINITIALIZED_AUTOS = YES_AGGRESSIVE;
				GCC_WARN_UNUSED_FUNCTION = YES;
				GCC_WARN_UNUSED_VARIABLE = YES;
				IPHONEOS_DEPLOYMENT_TARGET = 10.3;
				MTL_ENABLE_DEBUG_INFO = YES;
				ONLY_ACTIVE_ARCH = YES;
				SDKROOT = iphoneos;
				SWIFT_ACTIVE_COMPILATION_CONDITIONS = DEBUG;
				SWIFT_OPTIMIZATION_LEVEL = "-Onone";
			};
			name = Debug;
		};
		C74F7C6B1F42C4CA00DEABAF /* Release */ = {
			isa = XCBuildConfiguration;
			buildSettings = {
				ALWAYS_SEARCH_USER_PATHS = NO;
				CLANG_ANALYZER_NONNULL = YES;
				CLANG_ANALYZER_NUMBER_OBJECT_CONVERSION = YES_AGGRESSIVE;
				CLANG_CXX_LANGUAGE_STANDARD = "gnu++0x";
				CLANG_CXX_LIBRARY = "libc++";
				CLANG_ENABLE_MODULES = YES;
				CLANG_ENABLE_OBJC_ARC = YES;
				CLANG_WARN_BOOL_CONVERSION = YES;
				CLANG_WARN_CONSTANT_CONVERSION = YES;
				CLANG_WARN_DIRECT_OBJC_ISA_USAGE = YES_ERROR;
				CLANG_WARN_DOCUMENTATION_COMMENTS = YES;
				CLANG_WARN_EMPTY_BODY = YES;
				CLANG_WARN_ENUM_CONVERSION = YES;
				CLANG_WARN_INFINITE_RECURSION = YES;
				CLANG_WARN_INT_CONVERSION = YES;
				CLANG_WARN_OBJC_ROOT_CLASS = YES_ERROR;
				CLANG_WARN_SUSPICIOUS_MOVE = YES;
				CLANG_WARN_UNREACHABLE_CODE = YES;
				CLANG_WARN__DUPLICATE_METHOD_MATCH = YES;
				"CODE_SIGN_IDENTITY[sdk=iphoneos*]" = "iPhone Developer";
				COPY_PHASE_STRIP = NO;
				DEBUG_INFORMATION_FORMAT = "dwarf-with-dsym";
				ENABLE_NS_ASSERTIONS = NO;
				ENABLE_STRICT_OBJC_MSGSEND = YES;
				GCC_C_LANGUAGE_STANDARD = gnu99;
				GCC_NO_COMMON_BLOCKS = YES;
				GCC_WARN_64_TO_32_BIT_CONVERSION = YES;
				GCC_WARN_ABOUT_RETURN_TYPE = YES_ERROR;
				GCC_WARN_UNDECLARED_SELECTOR = YES;
				GCC_WARN_UNINITIALIZED_AUTOS = YES_AGGRESSIVE;
				GCC_WARN_UNUSED_FUNCTION = YES;
				GCC_WARN_UNUSED_VARIABLE = YES;
				IPHONEOS_DEPLOYMENT_TARGET = 10.3;
				MTL_ENABLE_DEBUG_INFO = NO;
				SDKROOT = iphoneos;
				SWIFT_OPTIMIZATION_LEVEL = "-Owholemodule";
				VALIDATE_PRODUCT = YES;
			};
			name = Release;
		};
		C74F7C6D1F42C4CA00DEABAF /* Debug */ = {
			isa = XCBuildConfiguration;
			baseConfigurationReference = 37E6AE31D15F782FB6108775 /* Pods-Tang.debug.xcconfig */;
			buildSettings = {
				ASSETCATALOG_COMPILER_APPICON_NAME = AppIcon;
				"CODE_SIGN_IDENTITY[sdk=iphoneos*]" = "iPhone Developer";
				DEVELOPMENT_TEAM = YEFYT2Y9CS;
				EMBED_ASSET_PACKS_IN_PRODUCT_BUNDLE = YES;
				INFOPLIST_FILE = Tang/Info.plist;
				IPHONEOS_DEPLOYMENT_TARGET = 8.0;
				LD_RUNPATH_SEARCH_PATHS = "$(inherited) @executable_path/Frameworks";
				PRODUCT_BUNDLE_IDENTIFIER = com.KK.simpleTableview;
				PRODUCT_NAME = "$(TARGET_NAME)";
				PROVISIONING_PROFILE_SPECIFIER = "";
				SWIFT_VERSION = 3.0;
			};
			name = Debug;
		};
		C74F7C6E1F42C4CA00DEABAF /* Release */ = {
			isa = XCBuildConfiguration;
			baseConfigurationReference = DAC1A6BDDF635B955F1FF470 /* Pods-Tang.release.xcconfig */;
			buildSettings = {
				ASSETCATALOG_COMPILER_APPICON_NAME = AppIcon;
				"CODE_SIGN_IDENTITY[sdk=iphoneos*]" = "iPhone Developer";
				DEVELOPMENT_TEAM = YEFYT2Y9CS;
				EMBED_ASSET_PACKS_IN_PRODUCT_BUNDLE = YES;
				INFOPLIST_FILE = Tang/Info.plist;
				IPHONEOS_DEPLOYMENT_TARGET = 8.0;
				LD_RUNPATH_SEARCH_PATHS = "$(inherited) @executable_path/Frameworks";
				PRODUCT_BUNDLE_IDENTIFIER = com.KK.simpleTableview;
				PRODUCT_NAME = "$(TARGET_NAME)";
				PROVISIONING_PROFILE_SPECIFIER = "";
				SWIFT_VERSION = 3.0;
			};
			name = Release;
		};
		C74F7C701F42C4CA00DEABAF /* Debug */ = {
			isa = XCBuildConfiguration;
			buildSettings = {
				ALWAYS_EMBED_SWIFT_STANDARD_LIBRARIES = YES;
				BUNDLE_LOADER = "$(TEST_HOST)";
				DEVELOPMENT_TEAM = YEFYT2Y9CS;
				INFOPLIST_FILE = TangTests/Info.plist;
				LD_RUNPATH_SEARCH_PATHS = "$(inherited) @executable_path/Frameworks @loader_path/Frameworks";
				PRODUCT_BUNDLE_IDENTIFIER = com.KK.TangTests;
				PRODUCT_NAME = "$(TARGET_NAME)";
				SWIFT_VERSION = 3.0;
				TEST_HOST = "$(BUILT_PRODUCTS_DIR)/Tang.app/Tang";
			};
			name = Debug;
		};
		C74F7C711F42C4CA00DEABAF /* Release */ = {
			isa = XCBuildConfiguration;
			buildSettings = {
				ALWAYS_EMBED_SWIFT_STANDARD_LIBRARIES = YES;
				BUNDLE_LOADER = "$(TEST_HOST)";
				DEVELOPMENT_TEAM = YEFYT2Y9CS;
				INFOPLIST_FILE = TangTests/Info.plist;
				LD_RUNPATH_SEARCH_PATHS = "$(inherited) @executable_path/Frameworks @loader_path/Frameworks";
				PRODUCT_BUNDLE_IDENTIFIER = com.KK.TangTests;
				PRODUCT_NAME = "$(TARGET_NAME)";
				SWIFT_VERSION = 3.0;
				TEST_HOST = "$(BUILT_PRODUCTS_DIR)/Tang.app/Tang";
			};
			name = Release;
		};
		C74F7C731F42C4CA00DEABAF /* Debug */ = {
			isa = XCBuildConfiguration;
			buildSettings = {
				ALWAYS_EMBED_SWIFT_STANDARD_LIBRARIES = YES;
				DEVELOPMENT_TEAM = YEFYT2Y9CS;
				INFOPLIST_FILE = TangUITests/Info.plist;
				LD_RUNPATH_SEARCH_PATHS = "$(inherited) @executable_path/Frameworks @loader_path/Frameworks";
				PRODUCT_BUNDLE_IDENTIFIER = com.KK.TangUITests;
				PRODUCT_NAME = "$(TARGET_NAME)";
				SWIFT_VERSION = 3.0;
				TEST_TARGET_NAME = Tang;
			};
			name = Debug;
		};
		C74F7C741F42C4CA00DEABAF /* Release */ = {
			isa = XCBuildConfiguration;
			buildSettings = {
				ALWAYS_EMBED_SWIFT_STANDARD_LIBRARIES = YES;
				DEVELOPMENT_TEAM = YEFYT2Y9CS;
				INFOPLIST_FILE = TangUITests/Info.plist;
				LD_RUNPATH_SEARCH_PATHS = "$(inherited) @executable_path/Frameworks @loader_path/Frameworks";
				PRODUCT_BUNDLE_IDENTIFIER = com.KK.TangUITests;
				PRODUCT_NAME = "$(TARGET_NAME)";
				SWIFT_VERSION = 3.0;
				TEST_TARGET_NAME = Tang;
			};
			name = Release;
		};
/* End XCBuildConfiguration section */

/* Begin XCConfigurationList section */
		C74F7C3F1F42C4CA00DEABAF /* Build configuration list for PBXProject "Tang" */ = {
			isa = XCConfigurationList;
			buildConfigurations = (
				C74F7C6A1F42C4CA00DEABAF /* Debug */,
				C74F7C6B1F42C4CA00DEABAF /* Release */,
			);
			defaultConfigurationIsVisible = 0;
			defaultConfigurationName = Release;
		};
		C74F7C6C1F42C4CA00DEABAF /* Build configuration list for PBXNativeTarget "Tang" */ = {
			isa = XCConfigurationList;
			buildConfigurations = (
				C74F7C6D1F42C4CA00DEABAF /* Debug */,
				C74F7C6E1F42C4CA00DEABAF /* Release */,
			);
			defaultConfigurationIsVisible = 0;
			defaultConfigurationName = Release;
		};
		C74F7C6F1F42C4CA00DEABAF /* Build configuration list for PBXNativeTarget "TangTests" */ = {
			isa = XCConfigurationList;
			buildConfigurations = (
				C74F7C701F42C4CA00DEABAF /* Debug */,
				C74F7C711F42C4CA00DEABAF /* Release */,
			);
			defaultConfigurationIsVisible = 0;
			defaultConfigurationName = Release;
		};
		C74F7C721F42C4CA00DEABAF /* Build configuration list for PBXNativeTarget "TangUITests" */ = {
			isa = XCConfigurationList;
			buildConfigurations = (
				C74F7C731F42C4CA00DEABAF /* Debug */,
				C74F7C741F42C4CA00DEABAF /* Release */,
			);
			defaultConfigurationIsVisible = 0;
			defaultConfigurationName = Release;
		};
/* End XCConfigurationList section */
	};
	rootObject = C74F7C3C1F42C4CA00DEABAF /* Project object */;
}
